
Microsoft Visual Studio Solution File, Format Version 12.00
# Visual Studio Version 17
VisualStudioVersion = 17.14.36511.14 d17.14
MinimumVisualStudioVersion = 10.0.40219.1
Project("{FAE04EC0-301F-11D3-BF4B-00C04F79EFBC}") = "cms_umbraco", "cms_umbraco.csproj", "{D3DF45A4-75CC-170B-7416-69C243F9E7AC}"
EndProject
Global
	GlobalSection(SolutionConfigurationPlatforms) = preSolution
		Debug|Any CPU = Debug|Any CPU
		Release|Any CPU = Release|Any CPU
	EndGlobalSection
	GlobalSection(ProjectConfigurationPlatforms) = postSolution
		{D3DF45A4-75CC-170B-7416-69C243F9E7AC}.Debug|Any CPU.ActiveCfg = Debug|Any CPU
		{D3DF45A4-75CC-170B-7416-69C243F9E7AC}.Debug|Any CPU.Build.0 = Debug|Any CPU
		{D3DF45A4-75CC-170B-7416-69C243F9E7AC}.Release|Any CPU.ActiveCfg = Release|Any CPU
		{D3DF45A4-75CC-170B-7416-69C243F9E7AC}.Release|Any CPU.Build.0 = Release|Any CPU
	EndGlobalSection
	GlobalSection(SolutionProperties) = preSolution
		HideSolutionNode = FALSE
	EndGlobalSection
	GlobalSection(ExtensibilityGlobals) = postSolution
		SolutionGuid = {594D5046-538D-435E-8358-BD4003FF0EDF}
	EndGlobalSection
EndGlobal
